// !$*UTF8*$!
{
	archiveVersion = 1;
	classes = {
	};
	objectVersion = 50;
	objects = {

/* Begin PBXBuildFile section */
		9F6307452535C6C300D002EF /* AppDelegate.swift in Sources */ = {isa = PBXBuildFile; fileRef = 9F6307442535C6C300D002EF /* AppDelegate.swift */; };
		9F6307472535C6C300D002EF /* SceneDelegate.swift in Sources */ = {isa = PBXBuildFile; fileRef = 9F6307462535C6C300D002EF /* SceneDelegate.swift */; };
		9F6307492535C6C300D002EF /* ViewController.swift in Sources */ = {isa = PBXBuildFile; fileRef = 9F6307482535C6C300D002EF /* ViewController.swift */; };
		9F63074C2535C6C300D002EF /* Main.storyboard in Resources */ = {isa = PBXBuildFile; fileRef = 9F63074A2535C6C300D002EF /* Main.storyboard */; };
		9F63074E2535C6C600D002EF /* Assets.xcassets in Resources */ = {isa = PBXBuildFile; fileRef = 9F63074D2535C6C600D002EF /* Assets.xcassets */; };
		9F6307512535C6C600D002EF /* LaunchScreen.storyboard in Resources */ = {isa = PBXBuildFile; fileRef = 9F63074F2535C6C600D002EF /* LaunchScreen.storyboard */; };
		9F63075C2535C6C600D002EF /* DEHTests.swift in Sources */ = {isa = PBXBuildFile; fileRef = 9F63075B2535C6C600D002EF /* DEHTests.swift */; };
		9F6307672535C6C600D002EF /* DEHUITests.swift in Sources */ = {isa = PBXBuildFile; fileRef = 9F6307662535C6C600D002EF /* DEHUITests.swift */; };
/* End PBXBuildFile section */

/* Begin PBXContainerItemProxy section */
		9F6307582535C6C600D002EF /* PBXContainerItemProxy */ = {
			isa = PBXContainerItemProxy;
			containerPortal = 9F6307392535C6C300D002EF /* Project object */;
			proxyType = 1;
			remoteGlobalIDString = 9F6307402535C6C300D002EF;
			remoteInfo = DEH;
		};
		9F6307632535C6C600D002EF /* PBXContainerItemProxy */ = {
			isa = PBXContainerItemProxy;
			containerPortal = 9F6307392535C6C300D002EF /* Project object */;
			proxyType = 1;
			remoteGlobalIDString = 9F6307402535C6C300D002EF;
			remoteInfo = DEH;
		};
/* End PBXContainerItemProxy section */

/* Begin PBXFileReference section */
		9F6307412535C6C300D002EF /* DEH.app */ = {isa = PBXFileReference; explicitFileType = wrapper.application; includeInIndex = 0; path = DEH.app; sourceTree = BUILT_PRODUCTS_DIR; };
		9F6307442535C6C300D002EF /* AppDelegate.swift */ = {isa = PBXFileReference; lastKnownFileType = sourcecode.swift; path = AppDelegate.swift; sourceTree = "<group>"; };
		9F6307462535C6C300D002EF /* SceneDelegate.swift */ = {isa = PBXFileReference; lastKnownFileType = sourcecode.swift; path = SceneDelegate.swift; sourceTree = "<group>"; };
		9F6307482535C6C300D002EF /* ViewController.swift */ = {isa = PBXFileReference; lastKnownFileType = sourcecode.swift; path = ViewController.swift; sourceTree = "<group>"; };
		9F63074B2535C6C300D002EF /* Base */ = {isa = PBXFileReference; lastKnownFileType = file.storyboard; name = Base; path = Base.lproj/Main.storyboard; sourceTree = "<group>"; };
		9F63074D2535C6C600D002EF /* Assets.xcassets */ = {isa = PBXFileReference; lastKnownFileType = folder.assetcatalog; path = Assets.xcassets; sourceTree = "<group>"; };
		9F6307502535C6C600D002EF /* Base */ = {isa = PBXFileReference; lastKnownFileType = file.storyboard; name = Base; path = Base.lproj/LaunchScreen.storyboard; sourceTree = "<group>"; };
		9F6307522535C6C600D002EF /* Info.plist */ = {isa = PBXFileReference; lastKnownFileType = text.plist.xml; path = Info.plist; sourceTree = "<group>"; };
		9F6307572535C6C600D002EF /* DEHTests.xctest */ = {isa = PBXFileReference; explicitFileType = wrapper.cfbundle; includeInIndex = 0; path = DEHTests.xctest; sourceTree = BUILT_PRODUCTS_DIR; };
		9F63075B2535C6C600D002EF /* DEHTests.swift */ = {isa = PBXFileReference; lastKnownFileType = sourcecode.swift; path = DEHTests.swift; sourceTree = "<group>"; };
		9F63075D2535C6C600D002EF /* Info.plist */ = {isa = PBXFileReference; lastKnownFileType = text.plist.xml; path = Info.plist; sourceTree = "<group>"; };
		9F6307622535C6C600D002EF /* DEHUITests.xctest */ = {isa = PBXFileReference; explicitFileType = wrapper.cfbundle; includeInIndex = 0; path = DEHUITests.xctest; sourceTree = BUILT_PRODUCTS_DIR; };
		9F6307662535C6C600D002EF /* DEHUITests.swift */ = {isa = PBXFileReference; lastKnownFileType = sourcecode.swift; path = DEHUITests.swift; sourceTree = "<group>"; };
		9F6307682535C6C600D002EF /* Info.plist */ = {isa = PBXFileReference; lastKnownFileType = text.plist.xml; path = Info.plist; sourceTree = "<group>"; };
/* End PBXFileReference section */

/* Begin PBXFrameworksBuildPhase section */
		9F63073E2535C6C300D002EF /* Frameworks */ = {
			isa = PBXFrameworksBuildPhase;
			buildActionMask = 2147483647;
			files = (
			);
			runOnlyForDeploymentPostprocessing = 0;
		};
		9F6307542535C6C600D002EF /* Frameworks */ = {
			isa = PBXFrameworksBuildPhase;
			buildActionMask = 2147483647;
			files = (
			);
			runOnlyForDeploymentPostprocessing = 0;
		};
		9F63075F2535C6C600D002EF /* Frameworks */ = {
			isa = PBXFrameworksBuildPhase;
			buildActionMask = 2147483647;
			files = (
			);
			runOnlyForDeploymentPostprocessing = 0;
		};
/* End PBXFrameworksBuildPhase section */

/* Begin PBXGroup section */
		9F6307382535C6C300D002EF = {
			isa = PBXGroup;
			children = (
				9F6307432535C6C300D002EF /* DEH */,
				9F63075A2535C6C600D002EF /* DEHTests */,
				9F6307652535C6C600D002EF /* DEHUITests */,
				9F6307422535C6C300D002EF /* Products */,
			);
			sourceTree = "<group>";
		};
		9F6307422535C6C300D002EF /* Products */ = {
			isa = PBXGroup;
			children = (
				9F6307412535C6C300D002EF /* DEH.app */,
				9F6307572535C6C600D002EF /* DEHTests.xctest */,
				9F6307622535C6C600D002EF /* DEHUITests.xctest */,
			);
			name = Products;
			sourceTree = "<group>";
		};
		9F6307432535C6C300D002EF /* DEH */ = {
			isa = PBXGroup;
			children = (
				9F6307442535C6C300D002EF /* AppDelegate.swift */,
				9F6307462535C6C300D002EF /* SceneDelegate.swift */,
				9F6307482535C6C300D002EF /* ViewController.swift */,
				9F63074A2535C6C300D002EF /* Main.storyboard */,
				9F63074D2535C6C600D002EF /* Assets.xcassets */,
				9F63074F2535C6C600D002EF /* LaunchScreen.storyboard */,
				9F6307522535C6C600D002EF /* Info.plist */,
			);
			path = DEH;
			sourceTree = "<group>";
		};
		9F63075A2535C6C600D002EF /* DEHTests */ = {
			isa = PBXGroup;
			children = (
				9F63075B2535C6C600D002EF /* DEHTests.swift */,
				9F63075D2535C6C600D002EF /* Info.plist */,
			);
			path = DEHTests;
			sourceTree = "<group>";
		};
		9F6307652535C6C600D002EF /* DEHUITests */ = {
			isa = PBXGroup;
			children = (
				9F6307662535C6C600D002EF /* DEHUITests.swift */,
				9F6307682535C6C600D002EF /* Info.plist */,
			);
			path = DEHUITests;
			sourceTree = "<group>";
		};
/* End PBXGroup section */

/* Begin PBXNativeTarget section */
		9F6307402535C6C300D002EF /* DEH */ = {
			isa = PBXNativeTarget;
			buildConfigurationList = 9F63076B2535C6C600D002EF /* Build configuration list for PBXNativeTarget "DEH" */;
			buildPhases = (
				9F63073D2535C6C300D002EF /* Sources */,
				9F63073E2535C6C300D002EF /* Frameworks */,
				9F63073F2535C6C300D002EF /* Resources */,
			);
			buildRules = (
			);
			dependencies = (
			);
			name = DEH;
			productName = DEH;
			productReference = 9F6307412535C6C300D002EF /* DEH.app */;
			productType = "com.apple.product-type.application";
		};
		9F6307562535C6C600D002EF /* DEHTests */ = {
			isa = PBXNativeTarget;
			buildConfigurationList = 9F63076E2535C6C600D002EF /* Build configuration list for PBXNativeTarget "DEHTests" */;
			buildPhases = (
				9F6307532535C6C600D002EF /* Sources */,
				9F6307542535C6C600D002EF /* Frameworks */,
				9F6307552535C6C600D002EF /* Resources */,
			);
			buildRules = (
			);
			dependencies = (
				9F6307592535C6C600D002EF /* PBXTargetDependency */,
			);
			name = DEHTests;
			productName = DEHTests;
			productReference = 9F6307572535C6C600D002EF /* DEHTests.xctest */;
			productType = "com.apple.product-type.bundle.unit-test";
		};
		9F6307612535C6C600D002EF /* DEHUITests */ = {
			isa = PBXNativeTarget;
			buildConfigurationList = 9F6307712535C6C600D002EF /* Build configuration list for PBXNativeTarget "DEHUITests" */;
			buildPhases = (
				9F63075E2535C6C600D002EF /* Sources */,
				9F63075F2535C6C600D002EF /* Frameworks */,
				9F6307602535C6C600D002EF /* Resources */,
			);
			buildRules = (
			);
			dependencies = (
				9F6307642535C6C600D002EF /* PBXTargetDependency */,
			);
			name = DEHUITests;
			productName = DEHUITests;
			productReference = 9F6307622535C6C600D002EF /* DEHUITests.xctest */;
			productType = "com.apple.product-type.bundle.ui-testing";
		};
/* End PBXNativeTarget section */

/* Begin PBXProject section */
		9F6307392535C6C300D002EF /* Project object */ = {
			isa = PBXProject;
			attributes = {
				LastSwiftUpdateCheck = 1200;
				LastUpgradeCheck = 1200;
				TargetAttributes = {
					9F6307402535C6C300D002EF = {
						CreatedOnToolsVersion = 12.0.1;
					};
					9F6307562535C6C600D002EF = {
						CreatedOnToolsVersion = 12.0.1;
						TestTargetID = 9F6307402535C6C300D002EF;
					};
					9F6307612535C6C600D002EF = {
						CreatedOnToolsVersion = 12.0.1;
						TestTargetID = 9F6307402535C6C300D002EF;
					};
				};
			};
			buildConfigurationList = 9F63073C2535C6C300D002EF /* Build configuration list for PBXProject "DEH" */;
			compatibilityVersion = "Xcode 9.3";
			developmentRegion = en;
			hasScannedForEncodings = 0;
			knownRegions = (
				en,
				Base,
			);
			mainGroup = 9F6307382535C6C300D002EF;
			productRefGroup = 9F6307422535C6C300D002EF /* Products */;
			projectDirPath = "";
			projectRoot = "";
			targets = (
				9F6307402535C6C300D002EF /* DEH */,
				9F6307562535C6C600D002EF /* DEHTests */,
				9F6307612535C6C600D002EF /* DEHUITests */,
			);
		};
/* End PBXProject section */

/* Begin PBXResourcesBuildPhase section */
		9F63073F2535C6C300D002EF /* Resources */ = {
			isa = PBXResourcesBuildPhase;
			buildActionMask = 2147483647;
			files = (
				9F6307512535C6C600D002EF /* LaunchScreen.storyboard in Resources */,
				9F63074E2535C6C600D002EF /* Assets.xcassets in Resources */,
				9F63074C2535C6C300D002EF /* Main.storyboard in Resources */,
			);
			runOnlyForDeploymentPostprocessing = 0;
		};
		9F6307552535C6C600D002EF /* Resources */ = {
			isa = PBXResourcesBuildPhase;
			buildActionMask = 2147483647;
			files = (
			);
			runOnlyForDeploymentPostprocessing = 0;
		};
		9F6307602535C6C600D002EF /* Resources */ = {
			isa = PBXResourcesBuildPhase;
			buildActionMask = 2147483647;
			files = (
			);
			runOnlyForDeploymentPostprocessing = 0;
		};
/* End PBXResourcesBuildPhase section */

/* Begin PBXSourcesBuildPhase section */
		9F63073D2535C6C300D002EF /* Sources */ = {
			isa = PBXSourcesBuildPhase;
			buildActionMask = 2147483647;
			files = (
				9F6307492535C6C300D002EF /* ViewController.swift in Sources */,
				9F6307452535C6C300D002EF /* AppDelegate.swift in Sources */,
				9F6307472535C6C300D002EF /* SceneDelegate.swift in Sources */,
			);
			runOnlyForDeploymentPostprocessing = 0;
		};
		9F6307532535C6C600D002EF /* Sources */ = {
			isa = PBXSourcesBuildPhase;
			buildActionMask = 2147483647;
			files = (
				9F63075C2535C6C600D002EF /* DEHTests.swift in Sources */,
			);
			runOnlyForDeploymentPostprocessing = 0;
		};
		9F63075E2535C6C600D002EF /* Sources */ = {
			isa = PBXSourcesBuildPhase;
			buildActionMask = 2147483647;
			files = (
				9F6307672535C6C600D002EF /* DEHUITests.swift in Sources */,
			);
			runOnlyForDeploymentPostprocessing = 0;
		};
/* End PBXSourcesBuildPhase section */

/* Begin PBXTargetDependency section */
		9F6307592535C6C600D002EF /* PBXTargetDependency */ = {
			isa = PBXTargetDependency;
			target = 9F6307402535C6C300D002EF /* DEH */;
			targetProxy = 9F6307582535C6C600D002EF /* PBXContainerItemProxy */;
		};
		9F6307642535C6C600D002EF /* PBXTargetDependency */ = {
			isa = PBXTargetDependency;
			target = 9F6307402535C6C300D002EF /* DEH */;
			targetProxy = 9F6307632535C6C600D002EF /* PBXContainerItemProxy */;
		};
/* End PBXTargetDependency section */

/* Begin PBXVariantGroup section */
		9F63074A2535C6C300D002EF /* Main.storyboard */ = {
			isa = PBXVariantGroup;
			children = (
				9F63074B2535C6C300D002EF /* Base */,
			);
			name = Main.storyboard;
			sourceTree = "<group>";
		};
		9F63074F2535C6C600D002EF /* LaunchScreen.storyboard */ = {
			isa = PBXVariantGroup;
			children = (
				9F6307502535C6C600D002EF /* Base */,
			);
			name = LaunchScreen.storyboard;
			sourceTree = "<group>";
		};
/* End PBXVariantGroup section */

/* Begin XCBuildConfiguration section */
		9F6307692535C6C600D002EF /* Debug */ = {
			isa = XCBuildConfiguration;
			buildSettings = {
				ALWAYS_SEARCH_USER_PATHS = NO;
				CLANG_ANALYZER_NONNULL = YES;
				CLANG_ANALYZER_NUMBER_OBJECT_CONVERSION = YES_AGGRESSIVE;
				CLANG_CXX_LANGUAGE_STANDARD = "gnu++14";
				CLANG_CXX_LIBRARY = "libc++";
				CLANG_ENABLE_MODULES = YES;
				CLANG_ENABLE_OBJC_ARC = YES;
				CLANG_ENABLE_OBJC_WEAK = YES;
				CLANG_WARN_BLOCK_CAPTURE_AUTORELEASING = YES;
				CLANG_WARN_BOOL_CONVERSION = YES;
				CLANG_WARN_COMMA = YES;
				CLANG_WARN_CONSTANT_CONVERSION = YES;
				CLANG_WARN_DEPRECATED_OBJC_IMPLEMENTATIONS = YES;
				CLANG_WARN_DIRECT_OBJC_ISA_USAGE = YES_ERROR;
				CLANG_WARN_DOCUMENTATION_COMMENTS = YES;
				CLANG_WARN_EMPTY_BODY = YES;
				CLANG_WARN_ENUM_CONVERSION = YES;
				CLANG_WARN_INFINITE_RECURSION = YES;
				CLANG_WARN_INT_CONVERSION = YES;
				CLANG_WARN_NON_LITERAL_NULL_CONVERSION = YES;
				CLANG_WARN_OBJC_IMPLICIT_RETAIN_SELF = YES;
				CLANG_WARN_OBJC_LITERAL_CONVERSION = YES;
				CLANG_WARN_OBJC_ROOT_CLASS = YES_ERROR;
				CLANG_WARN_QUOTED_INCLUDE_IN_FRAMEWORK_HEADER = YES;
				CLANG_WARN_RANGE_LOOP_ANALYSIS = YES;
				CLANG_WARN_STRICT_PROTOTYPES = YES;
				CLANG_WARN_SUSPICIOUS_MOVE = YES;
				CLANG_WARN_UNGUARDED_AVAILABILITY = YES_AGGRESSIVE;
				CLANG_WARN_UNREACHABLE_CODE = YES;
				CLANG_WARN__DUPLICATE_METHOD_MATCH = YES;
				COPY_PHASE_STRIP = NO;
				DEBUG_INFORMATION_FORMAT = dwarf;
				ENABLE_STRICT_OBJC_MSGSEND = YES;
				ENABLE_TESTABILITY = YES;
				GCC_C_LANGUAGE_STANDARD = gnu11;
				GCC_DYNAMIC_NO_PIC = NO;
				GCC_NO_COMMON_BLOCKS = YES;
				GCC_OPTIMIZATION_LEVEL = 0;
				GCC_PREPROCESSOR_DEFINITIONS = (
					"DEBUG=1",
					"$(inherited)",
				);
				GCC_WARN_64_TO_32_BIT_CONVERSION = YES;
				GCC_WARN_ABOUT_RETURN_TYPE = YES_ERROR;
				GCC_WARN_UNDECLARED_SELECTOR = YES;
				GCC_WARN_UNINITIALIZED_AUTOS = YES_AGGRESSIVE;
				GCC_WARN_UNUSED_FUNCTION = YES;
				GCC_WARN_UNUSED_VARIABLE = YES;
				IPHONEOS_DEPLOYMENT_TARGET = 14.0;
				MTL_ENABLE_DEBUG_INFO = INCLUDE_SOURCE;
				MTL_FAST_MATH = YES;
				ONLY_ACTIVE_ARCH = YES;
				SDKROOT = iphoneos;
				SWIFT_ACTIVE_COMPILATION_CONDITIONS = DEBUG;
				SWIFT_OPTIMIZATION_LEVEL = "-Onone";
			};
			name = Debug;
		};
		9F63076A2535C6C600D002EF /* Release */ = {
			isa = XCBuildConfiguration;
			buildSettings = {
				ALWAYS_SEARCH_USER_PATHS = NO;
				CLANG_ANALYZER_NONNULL = YES;
				CLANG_ANALYZER_NUMBER_OBJECT_CONVERSION = YES_AGGRESSIVE;
				CLANG_CXX_LANGUAGE_STANDARD = "gnu++14";
				CLANG_CXX_LIBRARY = "libc++";
				CLANG_ENABLE_MODULES = YES;
				CLANG_ENABLE_OBJC_ARC = YES;
				CLANG_ENABLE_OBJC_WEAK = YES;
				CLANG_WARN_BLOCK_CAPTURE_AUTORELEASING = YES;
				CLANG_WARN_BOOL_CONVERSION = YES;
				CLANG_WARN_COMMA = YES;
				CLANG_WARN_CONSTANT_CONVERSION = YES;
				CLANG_WARN_DEPRECATED_OBJC_IMPLEMENTATIONS = YES;
				CLANG_WARN_DIRECT_OBJC_ISA_USAGE = YES_ERROR;
				CLANG_WARN_DOCUMENTATION_COMMENTS = YES;
				CLANG_WARN_EMPTY_BODY = YES;
				CLANG_WARN_ENUM_CONVERSION = YES;
				CLANG_WARN_INFINITE_RECURSION = YES;
				CLANG_WARN_INT_CONVERSION = YES;
				CLANG_WARN_NON_LITERAL_NULL_CONVERSION = YES;
				CLANG_WARN_OBJC_IMPLICIT_RETAIN_SELF = YES;
				CLANG_WARN_OBJC_LITERAL_CONVERSION = YES;
				CLANG_WARN_OBJC_ROOT_CLASS = YES_ERROR;
				CLANG_WARN_QUOTED_INCLUDE_IN_FRAMEWORK_HEADER = YES;
				CLANG_WARN_RANGE_LOOP_ANALYSIS = YES;
				CLANG_WARN_STRICT_PROTOTYPES = YES;
				CLANG_WARN_SUSPICIOUS_MOVE = YES;
				CLANG_WARN_UNGUARDED_AVAILABILITY = YES_AGGRESSIVE;
				CLANG_WARN_UNREACHABLE_CODE = YES;
				CLANG_WARN__DUPLICATE_METHOD_MATCH = YES;
				COPY_PHASE_STRIP = NO;
				DEBUG_INFORMATION_FORMAT = "dwarf-with-dsym";
				ENABLE_NS_ASSERTIONS = NO;
				ENABLE_STRICT_OBJC_MSGSEND = YES;
				GCC_C_LANGUAGE_STANDARD = gnu11;
				GCC_NO_COMMON_BLOCKS = YES;
				GCC_WARN_64_TO_32_BIT_CONVERSION = YES;
				GCC_WARN_ABOUT_RETURN_TYPE = YES_ERROR;
				GCC_WARN_UNDECLARED_SELECTOR = YES;
				GCC_WARN_UNINITIALIZED_AUTOS = YES_AGGRESSIVE;
				GCC_WARN_UNUSED_FUNCTION = YES;
				GCC_WARN_UNUSED_VARIABLE = YES;
				IPHONEOS_DEPLOYMENT_TARGET = 14.0;
				MTL_ENABLE_DEBUG_INFO = NO;
				MTL_FAST_MATH = YES;
				SDKROOT = iphoneos;
				SWIFT_COMPILATION_MODE = wholemodule;
				SWIFT_OPTIMIZATION_LEVEL = "-O";
				VALIDATE_PRODUCT = YES;
			};
			name = Release;
		};
		9F63076C2535C6C600D002EF /* Debug */ = {
			isa = XCBuildConfiguration;
			buildSettings = {
				ASSETCATALOG_COMPILER_APPICON_NAME = AppIcon;
				ASSETCATALOG_COMPILER_GLOBAL_ACCENT_COLOR_NAME = AccentColor;
				CODE_SIGN_STYLE = Automatic;
				DEVELOPMENT_TEAM = F4NNZXK9BJ;
				INFOPLIST_FILE = DEH/Info.plist;
				IPHONEOS_DEPLOYMENT_TARGET = 13.0;
				LD_RUNPATH_SEARCH_PATHS = (
					"$(inherited)",
					"@executable_path/Frameworks",
				);
				PRODUCT_BUNDLE_IDENTIFIER = kevin.com.DEH;
				PRODUCT_NAME = "$(TARGET_NAME)";
				SWIFT_VERSION = 5.0;
				TARGETED_DEVICE_FAMILY = 1;
			};
			name = Debug;
		};
		9F63076D2535C6C600D002EF /* Release */ = {
			isa = XCBuildConfiguration;
			buildSettings = {
				ASSETCATALOG_COMPILER_APPICON_NAME = AppIcon;
				ASSETCATALOG_COMPILER_GLOBAL_ACCENT_COLOR_NAME = AccentColor;
				CODE_SIGN_STYLE = Automatic;
				DEVELOPMENT_TEAM = F4NNZXK9BJ;
				INFOPLIST_FILE = DEH/Info.plist;
				IPHONEOS_DEPLOYMENT_TARGET = 13.0;
				LD_RUNPATH_SEARCH_PATHS = (
					"$(inherited)",
					"@executable_path/Frameworks",
				);
				PRODUCT_BUNDLE_IDENTIFIER = kevin.com.DEH;
				PRODUCT_NAME = "$(TARGET_NAME)";
				SWIFT_VERSION = 5.0;
				TARGETED_DEVICE_FAMILY = 1;
			};
			name = Release;
		};
		9F63076F2535C6C600D002EF /* Debug */ = {
			isa = XCBuildConfiguration;
			buildSettings = {
				ALWAYS_EMBED_SWIFT_STANDARD_LIBRARIES = YES;
				BUNDLE_LOADER = "$(TEST_HOST)";
				CODE_SIGN_STYLE = Automatic;
				DEVELOPMENT_TEAM = F4NNZXK9BJ;
				INFOPLIST_FILE = DEHTests/Info.plist;
				IPHONEOS_DEPLOYMENT_TARGET = 14.0;
				LD_RUNPATH_SEARCH_PATHS = (
					"$(inherited)",
					"@executable_path/Frameworks",
					"@loader_path/Frameworks",
				);
				PRODUCT_BUNDLE_IDENTIFIER = kevin.com.DEHTests;
				PRODUCT_NAME = "$(TARGET_NAME)";
				SWIFT_VERSION = 5.0;
				TARGETED_DEVICE_FAMILY = "1,2";
				TEST_HOST = "$(BUILT_PRODUCTS_DIR)/DEH.app/DEH";
			};
			name = Debug;
		};
		9F6307702535C6C600D002EF /* Release */ = {
			isa = XCBuildConfiguration;
			buildSettings = {
				ALWAYS_EMBED_SWIFT_STANDARD_LIBRARIES = YES;
				BUNDLE_LOADER = "$(TEST_HOST)";
				CODE_SIGN_STYLE = Automatic;
				DEVELOPMENT_TEAM = F4NNZXK9BJ;
				INFOPLIST_FILE = DEHTests/Info.plist;
				IPHONEOS_DEPLOYMENT_TARGET = 14.0;
				LD_RUNPATH_SEARCH_PATHS = (
					"$(inherited)",
					"@executable_path/Frameworks",
					"@loader_path/Frameworks",
				);
				PRODUCT_BUNDLE_IDENTIFIER = kevin.com.DEHTests;
				PRODUCT_NAME = "$(TARGET_NAME)";
				SWIFT_VERSION = 5.0;
				TARGETED_DEVICE_FAMILY = "1,2";
				TEST_HOST = "$(BUILT_PRODUCTS_DIR)/DEH.app/DEH";
			};
			name = Release;
		};
		9F6307722535C6C600D002EF /* Debug */ = {
			isa = XCBuildConfiguration;
			buildSettings = {
				ALWAYS_EMBED_SWIFT_STANDARD_LIBRARIES = YES;
				CODE_SIGN_STYLE = Automatic;
				DEVELOPMENT_TEAM = F4NNZXK9BJ;
				INFOPLIST_FILE = DEHUITests/Info.plist;
				LD_RUNPATH_SEARCH_PATHS = (
					"$(inherited)",
					"@executable_path/Frameworks",
					"@loader_path/Frameworks",
				);
				PRODUCT_BUNDLE_IDENTIFIER = kevin.com.DEHUITests;
				PRODUCT_NAME = "$(TARGET_NAME)";
				SWIFT_VERSION = 5.0;
				TARGETED_DEVICE_FAMILY = "1,2";
				TEST_TARGET_NAME = DEH;
			};
			name = Debug;
		};
		9F6307732535C6C600D002EF /* Release */ = {
			isa = XCBuildConfiguration;
			buildSettings = {
				ALWAYS_EMBED_SWIFT_STANDARD_LIBRARIES = YES;
				CODE_SIGN_STYLE = Automatic;
				DEVELOPMENT_TEAM = F4NNZXK9BJ;
				INFOPLIST_FILE = DEHUITests/Info.plist;
				LD_RUNPATH_SEARCH_PATHS = (
					"$(inherited)",
					"@executable_path/Frameworks",
					"@loader_path/Frameworks",
				);
				PRODUCT_BUNDLE_IDENTIFIER = kevin.com.DEHUITests;
				PRODUCT_NAME = "$(TARGET_NAME)";
				SWIFT_VERSION = 5.0;
				TARGETED_DEVICE_FAMILY = "1,2";
				TEST_TARGET_NAME = DEH;
			};
			name = Release;
		};
/* End XCBuildConfiguration section */

/* Begin XCConfigurationList section */
		9F63073C2535C6C300D002EF /* Build configuration list for PBXProject "DEH" */ = {
			isa = XCConfigurationList;
			buildConfigurations = (
				9F6307692535C6C600D002EF /* Debug */,
				9F63076A2535C6C600D002EF /* Release */,
			);
			defaultConfigurationIsVisible = 0;
			defaultConfigurationName = Release;
		};
		9F63076B2535C6C600D002EF /* Build configuration list for PBXNativeTarget "DEH" */ = {
			isa = XCConfigurationList;
			buildConfigurations = (
				9F63076C2535C6C600D002EF /* Debug */,
				9F63076D2535C6C600D002EF /* Release */,
			);
			defaultConfigurationIsVisible = 0;
			defaultConfigurationName = Release;
		};
		9F63076E2535C6C600D002EF /* Build configuration list for PBXNativeTarget "DEHTests" */ = {
			isa = XCConfigurationList;
			buildConfigurations = (
				9F63076F2535C6C600D002EF /* Debug */,
				9F6307702535C6C600D002EF /* Release */,
			);
			defaultConfigurationIsVisible = 0;
			defaultConfigurationName = Release;
		};
		9F6307712535C6C600D002EF /* Build configuration list for PBXNativeTarget "DEHUITests" */ = {
			isa = XCConfigurationList;
			buildConfigurations = (
				9F6307722535C6C600D002EF /* Debug */,
				9F6307732535C6C600D002EF /* Release */,
			);
			defaultConfigurationIsVisible = 0;
			defaultConfigurationName = Release;
		};
/* End XCConfigurationList section */
	};
	rootObject = 9F6307392535C6C300D002EF /* Project object */;
}
